
Microsoft Visual Studio Solution File, Format Version 12.00
# Visual Studio Version 17
VisualStudioVersion = 17.8.34330.188
MinimumVisualStudioVersion = 10.0.40219.1
Project("{FAE04EC0-301F-11D3-BF4B-00C04F79EFBC}") = "OnlineBookstoreManagementSystem", "OnlineBookstoreManagementSystem\OnlineBookstoreManagementSystem.csproj", "{E20F6AFF-B129-4A06-A63E-56EB2B0AACEB}"
EndProject
Global
	GlobalSection(SolutionConfigurationPlatforms) = preSolution
		Debug|Any CPU = Debug|Any CPU
		Release|Any CPU = Release|Any CPU
	EndGlobalSection
	GlobalSection(ProjectConfigurationPlatforms) = postSolution
		{E20F6AFF-B129-4A06-A63E-56EB2B0AACEB}.Debug|Any CPU.ActiveCfg = Debug|Any CPU
		{E20F6AFF-B129-4A06-A63E-56EB2B0AACEB}.Debug|Any CPU.Build.0 = Debug|Any CPU
		{E20F6AFF-B129-4A06-A63E-56EB2B0AACEB}.Release|Any CPU.ActiveCfg = Release|Any CPU
		{E20F6AFF-B129-4A06-A63E-56EB2B0AACEB}.Release|Any CPU.Build.0 = Release|Any CPU
	EndGlobalSection
	GlobalSection(SolutionProperties) = preSolution
		HideSolutionNode = FALSE
	EndGlobalSection
	GlobalSection(ExtensibilityGlobals) = postSolution
		SolutionGuid = {D64B635E-67AC-46E5-8690-AE07784FED63}
	EndGlobalSection
EndGlobal
